<?xml version="1.0" encoding="utf-8"?>
<Project ToolsVersion="4.0" xmlns="http://schemas.microsoft.com/developer/msbuild/2003">
  <ItemGroup>
    <Filter Include="include">
      <UniqueIdentifier>{0615beda-f77b-459d-9a42-1fbce8dbc276}</UniqueIdentifier>
    </Filter>
    <Filter Include="src">
      <UniqueIdentifier>{a8b77b17-a34d-43aa-8c05-eed87ee54e71}</UniqueIdentifier>
    </Filter>
    <Filter Include="src\TCP">
      <UniqueIdentifier>{4163019e-3ffc-4d69-abba-ed12aced599d}</UniqueIdentifier>
    </Filter>
    <Filter Include="_precompiled">
      <UniqueIdentifier>{0e623c25-8147-4f50-8d16-23c3c49001e9}</UniqueIdentifier>
    </Filter>
    <Filter Include="src\Win32">
      <UniqueIdentifier>{550a0a29-b814-4809-a324-7058069f856d}</UniqueIdentifier>
    </Filter>
  </ItemGroup>
  <ItemGroup>
    <ClInclude Include="include\libESRI.h">
      <Filter>include</Filter>
    </ClInclude>
    <ClInclude Include="src\EsriInstance.h">
      <Filter>src</Filter>
    </ClInclude>
    <ClInclude Include="src\SocketEndpoint.h">
      <Filter>src\TCP</Filter>
    </ClInclude>
    <ClInclude Include="src\TcpClient.h">
      <Filter>src\TCP</Filter>
    </ClInclude>
    <ClInclude Include="src\TcpServer.h">
      <Filter>src\TCP</Filter>
    </ClInclude>
    <ClInclude Include="src\networkCommon.h">
      <Filter>src\TCP</Filter>
    </ClInclude>
    <ClInclude Include="src\stdafx.h">
      <Filter>_precompiled</Filter>
    </ClInclude>
    <ClInclude Include="src\SetThreadName.h">
      <Filter>src\Win32</Filter>
    </ClInclude>
    <ClInclude Include="src\SocketEndpointConverter.h">
      <Filter>src\TCP</Filter>
    </ClInclude>
    <ClInclude Include="src\strOps.h">
      <Filter>src</Filter>
    </ClInclude>
    <ClInclude Include="src\EsriClientThread.h">
      <Filter>src</Filter>
    </ClInclude>
    <ClInclude Include="src\EsriTerminal.h">
      <Filter>src</Filter>
    </ClInclude>
    <ClInclude Include="src\EsriHandlerFactory.h">
      <Filter>src</Filter>
    </ClInclude>
    <ClInclude Include="src\EsriHandler.h">
      <Filter>src</Filter>
    </ClInclude>
    <ClInclude Include="src\Platform.h">
      <Filter>src</Filter>
    </ClInclude>
    <ClInclude Include="src\EsriInternalCommands.h">
      <Filter>src</Filter>
    </ClInclude>
    <ClInclude Include="src\OsTools.h">
      <Filter>src</Filter>
    </ClInclude>
  </ItemGroup>
  <ItemGroup>
    <ClCompile Include="src\EsriInstance.cpp">
      <Filter>src</Filter>
    </ClCompile>
    <ClCompile Include="src\libESRI.cpp">
      <Filter>src</Filter>
    </ClCompile>
    <ClCompile Include="src\SocketEndpoint.cpp">
      <Filter>src\TCP</Filter>
    </ClCompile>
    <ClCompile Include="src\TcpClient.cpp">
      <Filter>src\TCP</Filter>
    </ClCompile>
    <ClCompile Include="src\TcpServer.cpp">
      <Filter>src\TCP</Filter>
    </ClCompile>
    <ClCompile Include="src\stdafx.cpp">
      <Filter>_precompiled</Filter>
    </ClCompile>
    <ClCompile Include="src\SetThreadName.cpp">
      <Filter>src\Win32</Filter>
    </ClCompile>
    <ClCompile Include="src\SocketEndpointConverter.cpp">
      <Filter>src\TCP</Filter>
    </ClCompile>
    <ClCompile Include="src\EsriClientThread.cpp">
      <Filter>src</Filter>
    </ClCompile>
    <ClCompile Include="src\EsriTerminal.cpp">
      <Filter>src</Filter>
    </ClCompile>
    <ClCompile Include="src\EsriHandler.cpp">
      <Filter>src</Filter>
    </ClCompile>
    <ClCompile Include="src\EsriHandlerFactory.cpp">
      <Filter>src</Filter>
    </ClCompile>
    <ClCompile Include="src\OsTools_Linux.cpp">
      <Filter>src</Filter>
    </ClCompile>
    <ClCompile Include="src\EsriInternalCommands.cpp">
      <Filter>src</Filter>
    </ClCompile>
    <ClCompile Include="src\OsTools_Windows.cpp">
      <Filter>src</Filter>
    </ClCompile>
  </ItemGroup>
</Project>